// !$*UTF8*$!
{
	archiveVersion = 1;
	classes = {
	};
	objectVersion = 50;
	objects = {

/* Begin PBXBuildFile section */
		4186930526F7ED250040953C /* AppDelegate.swift in Sources */ = {isa = PBXBuildFile; fileRef = 4186930426F7ED250040953C /* AppDelegate.swift */; };
		4186930726F7ED250040953C /* SceneDelegate.swift in Sources */ = {isa = PBXBuildFile; fileRef = 4186930626F7ED250040953C /* SceneDelegate.swift */; };
		4186930926F7ED250040953C /* ViewController.swift in Sources */ = {isa = PBXBuildFile; fileRef = 4186930826F7ED250040953C /* ViewController.swift */; };
		4186930C26F7ED250040953C /* Main.storyboard in Resources */ = {isa = PBXBuildFile; fileRef = 4186930A26F7ED250040953C /* Main.storyboard */; };
		4186930E26F7ED260040953C /* Assets.xcassets in Resources */ = {isa = PBXBuildFile; fileRef = 4186930D26F7ED260040953C /* Assets.xcassets */; };
		4186931126F7ED260040953C /* LaunchScreen.storyboard in Resources */ = {isa = PBXBuildFile; fileRef = 4186930F26F7ED260040953C /* LaunchScreen.storyboard */; };
		4186931C26F7ED270040953C /* cognitiveTests.swift in Sources */ = {isa = PBXBuildFile; fileRef = 4186931B26F7ED270040953C /* cognitiveTests.swift */; };
		4186932726F7ED270040953C /* cognitiveUITests.swift in Sources */ = {isa = PBXBuildFile; fileRef = 4186932626F7ED270040953C /* cognitiveUITests.swift */; };
		4186933826F7F0DA0040953C /* TaskViewController.swift in Sources */ = {isa = PBXBuildFile; fileRef = 4186933726F7F0DA0040953C /* TaskViewController.swift */; };
		41A64087270DED0D00CBCA3F /* calculateViewController.swift in Sources */ = {isa = PBXBuildFile; fileRef = 41A64086270DED0D00CBCA3F /* calculateViewController.swift */; };
		41A6408C270E7E7000CBCA3F /* chatViewController.swift in Sources */ = {isa = PBXBuildFile; fileRef = 41A6408B270E7E6F00CBCA3F /* chatViewController.swift */; };
		41FF701727099BA200676099 /* SettingsViewController.swift in Sources */ = {isa = PBXBuildFile; fileRef = 41FF701627099BA200676099 /* SettingsViewController.swift */; };
		41FF70DC270A39CB00676099 /* ApiViewController.swift in Sources */ = {isa = PBXBuildFile; fileRef = 41FF70DB270A39CB00676099 /* ApiViewController.swift */; };
		41FF70E9270A68F000676099 /* calcuatorViewController.swift in Sources */ = {isa = PBXBuildFile; fileRef = 41FF70E8270A68F000676099 /* calcuatorViewController.swift */; };
/* End PBXBuildFile section */

/* Begin PBXContainerItemProxy section */
		4186931826F7ED270040953C /* PBXContainerItemProxy */ = {
			isa = PBXContainerItemProxy;
			containerPortal = 418692F926F7ED250040953C /* Project object */;
			proxyType = 1;
			remoteGlobalIDString = 4186930026F7ED250040953C;
			remoteInfo = cognitive;
		};
		4186932326F7ED270040953C /* PBXContainerItemProxy */ = {
			isa = PBXContainerItemProxy;
			containerPortal = 418692F926F7ED250040953C /* Project object */;
			proxyType = 1;
			remoteGlobalIDString = 4186930026F7ED250040953C;
			remoteInfo = cognitive;
		};
/* End PBXContainerItemProxy section */

/* Begin PBXFileReference section */
		4186930126F7ED250040953C /* cognitive.app */ = {isa = PBXFileReference; explicitFileType = wrapper.application; includeInIndex = 0; path = cognitive.app; sourceTree = BUILT_PRODUCTS_DIR; };
		4186930426F7ED250040953C /* AppDelegate.swift */ = {isa = PBXFileReference; lastKnownFileType = sourcecode.swift; path = AppDelegate.swift; sourceTree = "<group>"; };
		4186930626F7ED250040953C /* SceneDelegate.swift */ = {isa = PBXFileReference; lastKnownFileType = sourcecode.swift; path = SceneDelegate.swift; sourceTree = "<group>"; };
		4186930826F7ED250040953C /* ViewController.swift */ = {isa = PBXFileReference; lastKnownFileType = sourcecode.swift; path = ViewController.swift; sourceTree = "<group>"; };
		4186930B26F7ED250040953C /* Base */ = {isa = PBXFileReference; lastKnownFileType = file.storyboard; name = Base; path = Base.lproj/Main.storyboard; sourceTree = "<group>"; };
		4186930D26F7ED260040953C /* Assets.xcassets */ = {isa = PBXFileReference; lastKnownFileType = folder.assetcatalog; path = Assets.xcassets; sourceTree = "<group>"; };
		4186931026F7ED260040953C /* Base */ = {isa = PBXFileReference; lastKnownFileType = file.storyboard; name = Base; path = Base.lproj/LaunchScreen.storyboard; sourceTree = "<group>"; };
		4186931226F7ED260040953C /* Info.plist */ = {isa = PBXFileReference; lastKnownFileType = text.plist.xml; path = Info.plist; sourceTree = "<group>"; };
		4186931726F7ED270040953C /* cognitiveTests.xctest */ = {isa = PBXFileReference; explicitFileType = wrapper.cfbundle; includeInIndex = 0; path = cognitiveTests.xctest; sourceTree = BUILT_PRODUCTS_DIR; };
		4186931B26F7ED270040953C /* cognitiveTests.swift */ = {isa = PBXFileReference; lastKnownFileType = sourcecode.swift; path = cognitiveTests.swift; sourceTree = "<group>"; };
		4186931D26F7ED270040953C /* Info.plist */ = {isa = PBXFileReference; lastKnownFileType = text.plist.xml; path = Info.plist; sourceTree = "<group>"; };
		4186932226F7ED270040953C /* cognitiveUITests.xctest */ = {isa = PBXFileReference; explicitFileType = wrapper.cfbundle; includeInIndex = 0; path = cognitiveUITests.xctest; sourceTree = BUILT_PRODUCTS_DIR; };
		4186932626F7ED270040953C /* cognitiveUITests.swift */ = {isa = PBXFileReference; lastKnownFileType = sourcecode.swift; path = cognitiveUITests.swift; sourceTree = "<group>"; };
		4186932826F7ED270040953C /* Info.plist */ = {isa = PBXFileReference; lastKnownFileType = text.plist.xml; path = Info.plist; sourceTree = "<group>"; };
		4186933726F7F0DA0040953C /* TaskViewController.swift */ = {isa = PBXFileReference; lastKnownFileType = sourcecode.swift; path = TaskViewController.swift; sourceTree = "<group>"; };
		41A64086270DED0D00CBCA3F /* calculateViewController.swift */ = {isa = PBXFileReference; lastKnownFileType = sourcecode.swift; path = calculateViewController.swift; sourceTree = "<group>"; };
		41A6408B270E7E6F00CBCA3F /* chatViewController.swift */ = {isa = PBXFileReference; lastKnownFileType = sourcecode.swift; path = chatViewController.swift; sourceTree = "<group>"; };
		41FF701627099BA200676099 /* SettingsViewController.swift */ = {isa = PBXFileReference; lastKnownFileType = sourcecode.swift; path = SettingsViewController.swift; sourceTree = "<group>"; };
		41FF70DB270A39CB00676099 /* ApiViewController.swift */ = {isa = PBXFileReference; lastKnownFileType = sourcecode.swift; path = ApiViewController.swift; sourceTree = "<group>"; };
		41FF70E8270A68F000676099 /* calcuatorViewController.swift */ = {isa = PBXFileReference; lastKnownFileType = sourcecode.swift; path = calcuatorViewController.swift; sourceTree = "<group>"; };
/* End PBXFileReference section */

/* Begin PBXFrameworksBuildPhase section */
		418692FE26F7ED250040953C /* Frameworks */ = {
			isa = PBXFrameworksBuildPhase;
			buildActionMask = 2147483647;
			files = (
			);
			runOnlyForDeploymentPostprocessing = 0;
		};
		4186931426F7ED270040953C /* Frameworks */ = {
			isa = PBXFrameworksBuildPhase;
			buildActionMask = 2147483647;
			files = (
			);
			runOnlyForDeploymentPostprocessing = 0;
		};
		4186931F26F7ED270040953C /* Frameworks */ = {
			isa = PBXFrameworksBuildPhase;
			buildActionMask = 2147483647;
			files = (
			);
			runOnlyForDeploymentPostprocessing = 0;
		};
/* End PBXFrameworksBuildPhase section */

/* Begin PBXGroup section */
		418692F826F7ED240040953C = {
			isa = PBXGroup;
			children = (
				4186930326F7ED250040953C /* cognitive */,
				4186931A26F7ED270040953C /* cognitiveTests */,
				4186932526F7ED270040953C /* cognitiveUITests */,
				4186930226F7ED250040953C /* Products */,
			);
			sourceTree = "<group>";
		};
		4186930226F7ED250040953C /* Products */ = {
			isa = PBXGroup;
			children = (
				4186930126F7ED250040953C /* cognitive.app */,
				4186931726F7ED270040953C /* cognitiveTests.xctest */,
				4186932226F7ED270040953C /* cognitiveUITests.xctest */,
			);
			name = Products;
			sourceTree = "<group>";
		};
		4186930326F7ED250040953C /* cognitive */ = {
			isa = PBXGroup;
			children = (
				4186930426F7ED250040953C /* AppDelegate.swift */,
				4186930626F7ED250040953C /* SceneDelegate.swift */,
				4186930826F7ED250040953C /* ViewController.swift */,
				4186930A26F7ED250040953C /* Main.storyboard */,
				4186930D26F7ED260040953C /* Assets.xcassets */,
				4186930F26F7ED260040953C /* LaunchScreen.storyboard */,
				4186931226F7ED260040953C /* Info.plist */,
				4186933726F7F0DA0040953C /* TaskViewController.swift */,
				41FF701627099BA200676099 /* SettingsViewController.swift */,
				41FF70DB270A39CB00676099 /* ApiViewController.swift */,
				41FF70E8270A68F000676099 /* calcuatorViewController.swift */,
				41A64086270DED0D00CBCA3F /* calculateViewController.swift */,
				41A6408B270E7E6F00CBCA3F /* chatViewController.swift */,
			);
			path = cognitive;
			sourceTree = "<group>";
		};
		4186931A26F7ED270040953C /* cognitiveTests */ = {
			isa = PBXGroup;
			children = (
				4186931B26F7ED270040953C /* cognitiveTests.swift */,
				4186931D26F7ED270040953C /* Info.plist */,
			);
			path = cognitiveTests;
			sourceTree = "<group>";
		};
		4186932526F7ED270040953C /* cognitiveUITests */ = {
			isa = PBXGroup;
			children = (
				4186932626F7ED270040953C /* cognitiveUITests.swift */,
				4186932826F7ED270040953C /* Info.plist */,
			);
			path = cognitiveUITests;
			sourceTree = "<group>";
		};
/* End PBXGroup section */

/* Begin PBXNativeTarget section */
		4186930026F7ED250040953C /* cognitive */ = {
			isa = PBXNativeTarget;
			buildConfigurationList = 4186932B26F7ED270040953C /* Build configuration list for PBXNativeTarget "cognitive" */;
			buildPhases = (
				418692FD26F7ED250040953C /* Sources */,
				418692FE26F7ED250040953C /* Frameworks */,
				418692FF26F7ED250040953C /* Resources */,
			);
			buildRules = (
			);
			dependencies = (
			);
			name = cognitive;
			productName = cognitive;
			productReference = 4186930126F7ED250040953C /* cognitive.app */;
			productType = "com.apple.product-type.application";
		};
		4186931626F7ED270040953C /* cognitiveTests */ = {
			isa = PBXNativeTarget;
			buildConfigurationList = 4186932E26F7ED270040953C /* Build configuration list for PBXNativeTarget "cognitiveTests" */;
			buildPhases = (
				4186931326F7ED270040953C /* Sources */,
				4186931426F7ED270040953C /* Frameworks */,
				4186931526F7ED270040953C /* Resources */,
			);
			buildRules = (
			);
			dependencies = (
				4186931926F7ED270040953C /* PBXTargetDependency */,
			);
			name = cognitiveTests;
			productName = cognitiveTests;
			productReference = 4186931726F7ED270040953C /* cognitiveTests.xctest */;
			productType = "com.apple.product-type.bundle.unit-test";
		};
		4186932126F7ED270040953C /* cognitiveUITests */ = {
			isa = PBXNativeTarget;
			buildConfigurationList = 4186933126F7ED270040953C /* Build configuration list for PBXNativeTarget "cognitiveUITests" */;
			buildPhases = (
				4186931E26F7ED270040953C /* Sources */,
				4186931F26F7ED270040953C /* Frameworks */,
				4186932026F7ED270040953C /* Resources */,
			);
			buildRules = (
			);
			dependencies = (
				4186932426F7ED270040953C /* PBXTargetDependency */,
			);
			name = cognitiveUITests;
			productName = cognitiveUITests;
			productReference = 4186932226F7ED270040953C /* cognitiveUITests.xctest */;
			productType = "com.apple.product-type.bundle.ui-testing";
		};
/* End PBXNativeTarget section */

/* Begin PBXProject section */
		418692F926F7ED250040953C /* Project object */ = {
			isa = PBXProject;
			attributes = {
				LastSwiftUpdateCheck = 1230;
				LastUpgradeCheck = 1230;
				TargetAttributes = {
					4186930026F7ED250040953C = {
						CreatedOnToolsVersion = 12.3;
					};
					4186931626F7ED270040953C = {
						CreatedOnToolsVersion = 12.3;
						TestTargetID = 4186930026F7ED250040953C;
					};
					4186932126F7ED270040953C = {
						CreatedOnToolsVersion = 12.3;
						TestTargetID = 4186930026F7ED250040953C;
					};
				};
			};
			buildConfigurationList = 418692FC26F7ED250040953C /* Build configuration list for PBXProject "TO-DO List" */;
			compatibilityVersion = "Xcode 9.3";
			developmentRegion = en;
			hasScannedForEncodings = 0;
			knownRegions = (
				en,
				Base,
			);
			mainGroup = 418692F826F7ED240040953C;
			productRefGroup = 4186930226F7ED250040953C /* Products */;
			projectDirPath = "";
			projectRoot = "";
			targets = (
				4186930026F7ED250040953C /* cognitive */,
				4186931626F7ED270040953C /* cognitiveTests */,
				4186932126F7ED270040953C /* cognitiveUITests */,
			);
		};
/* End PBXProject section */

/* Begin PBXResourcesBuildPhase section */
		418692FF26F7ED250040953C /* Resources */ = {
			isa = PBXResourcesBuildPhase;
			buildActionMask = 2147483647;
			files = (
				4186931126F7ED260040953C /* LaunchScreen.storyboard in Resources */,
				4186930E26F7ED260040953C /* Assets.xcassets in Resources */,
				4186930C26F7ED250040953C /* Main.storyboard in Resources */,
			);
			runOnlyForDeploymentPostprocessing = 0;
		};
		4186931526F7ED270040953C /* Resources */ = {
			isa = PBXResourcesBuildPhase;
			buildActionMask = 2147483647;
			files = (
			);
			runOnlyForDeploymentPostprocessing = 0;
		};
		4186932026F7ED270040953C /* Resources */ = {
			isa = PBXResourcesBuildPhase;
			buildActionMask = 2147483647;
			files = (
			);
			runOnlyForDeploymentPostprocessing = 0;
		};
/* End PBXResourcesBuildPhase section */

/* Begin PBXSourcesBuildPhase section */
		418692FD26F7ED250040953C /* Sources */ = {
			isa = PBXSourcesBuildPhase;
			buildActionMask = 2147483647;
			files = (
				4186930926F7ED250040953C /* ViewController.swift in Sources */,
				41FF70DC270A39CB00676099 /* ApiViewController.swift in Sources */,
				4186933826F7F0DA0040953C /* TaskViewController.swift in Sources */,
				41A6408C270E7E7000CBCA3F /* chatViewController.swift in Sources */,
				4186930526F7ED250040953C /* AppDelegate.swift in Sources */,
				41FF701727099BA200676099 /* SettingsViewController.swift in Sources */,
				41A64087270DED0D00CBCA3F /* calculateViewController.swift in Sources */,
				4186930726F7ED250040953C /* SceneDelegate.swift in Sources */,
				41FF70E9270A68F000676099 /* calcuatorViewController.swift in Sources */,
			);
			runOnlyForDeploymentPostprocessing = 0;
		};
		4186931326F7ED270040953C /* Sources */ = {
			isa = PBXSourcesBuildPhase;
			buildActionMask = 2147483647;
			files = (
				4186931C26F7ED270040953C /* cognitiveTests.swift in Sources */,
			);
			runOnlyForDeploymentPostprocessing = 0;
		};
		4186931E26F7ED270040953C /* Sources */ = {
			isa = PBXSourcesBuildPhase;
			buildActionMask = 2147483647;
			files = (
				4186932726F7ED270040953C /* cognitiveUITests.swift in Sources */,
			);
			runOnlyForDeploymentPostprocessing = 0;
		};
/* End PBXSourcesBuildPhase section */

/* Begin PBXTargetDependency section */
		4186931926F7ED270040953C /* PBXTargetDependency */ = {
			isa = PBXTargetDependency;
			target = 4186930026F7ED250040953C /* cognitive */;
			targetProxy = 4186931826F7ED270040953C /* PBXContainerItemProxy */;
		};
		4186932426F7ED270040953C /* PBXTargetDependency */ = {
			isa = PBXTargetDependency;
			target = 4186930026F7ED250040953C /* cognitive */;
			targetProxy = 4186932326F7ED270040953C /* PBXContainerItemProxy */;
		};
/* End PBXTargetDependency section */

/* Begin PBXVariantGroup section */
		4186930A26F7ED250040953C /* Main.storyboard */ = {
			isa = PBXVariantGroup;
			children = (
				4186930B26F7ED250040953C /* Base */,
			);
			name = Main.storyboard;
			sourceTree = "<group>";
		};
		4186930F26F7ED260040953C /* LaunchScreen.storyboard */ = {
			isa = PBXVariantGroup;
			children = (
				4186931026F7ED260040953C /* Base */,
			);
			name = LaunchScreen.storyboard;
			sourceTree = "<group>";
		};
/* End PBXVariantGroup section */

/* Begin XCBuildConfiguration section */
		4186932926F7ED270040953C /* Debug */ = {
			isa = XCBuildConfiguration;
			buildSettings = {
				ALWAYS_SEARCH_USER_PATHS = NO;
				CLANG_ANALYZER_NONNULL = YES;
				CLANG_ANALYZER_NUMBER_OBJECT_CONVERSION = YES_AGGRESSIVE;
				CLANG_CXX_LANGUAGE_STANDARD = "gnu++14";
				CLANG_CXX_LIBRARY = "libc++";
				CLANG_ENABLE_MODULES = YES;
				CLANG_ENABLE_OBJC_ARC = YES;
				CLANG_ENABLE_OBJC_WEAK = YES;
				CLANG_WARN_BLOCK_CAPTURE_AUTORELEASING = YES;
				CLANG_WARN_BOOL_CONVERSION = YES;
				CLANG_WARN_COMMA = YES;
				CLANG_WARN_CONSTANT_CONVERSION = YES;
				CLANG_WARN_DEPRECATED_OBJC_IMPLEMENTATIONS = YES;
				CLANG_WARN_DIRECT_OBJC_ISA_USAGE = YES_ERROR;
				CLANG_WARN_DOCUMENTATION_COMMENTS = YES;
				CLANG_WARN_EMPTY_BODY = YES;
				CLANG_WARN_ENUM_CONVERSION = YES;
				CLANG_WARN_INFINITE_RECURSION = YES;
				CLANG_WARN_INT_CONVERSION = YES;
				CLANG_WARN_NON_LITERAL_NULL_CONVERSION = YES;
				CLANG_WARN_OBJC_IMPLICIT_RETAIN_SELF = YES;
				CLANG_WARN_OBJC_LITERAL_CONVERSION = YES;
				CLANG_WARN_OBJC_ROOT_CLASS = YES_ERROR;
				CLANG_WARN_QUOTED_INCLUDE_IN_FRAMEWORK_HEADER = YES;
				CLANG_WARN_RANGE_LOOP_ANALYSIS = YES;
				CLANG_WARN_STRICT_PROTOTYPES = YES;
				CLANG_WARN_SUSPICIOUS_MOVE = YES;
				CLANG_WARN_UNGUARDED_AVAILABILITY = YES_AGGRESSIVE;
				CLANG_WARN_UNREACHABLE_CODE = YES;
				CLANG_WARN__DUPLICATE_METHOD_MATCH = YES;
				COPY_PHASE_STRIP = NO;
				DEBUG_INFORMATION_FORMAT = dwarf;
				ENABLE_STRICT_OBJC_MSGSEND = YES;
				ENABLE_TESTABILITY = YES;
				GCC_C_LANGUAGE_STANDARD = gnu11;
				GCC_DYNAMIC_NO_PIC = NO;
				GCC_NO_COMMON_BLOCKS = YES;
				GCC_OPTIMIZATION_LEVEL = 0;
				GCC_PREPROCESSOR_DEFINITIONS = (
					"DEBUG=1",
					"$(inherited)",
				);
				GCC_WARN_64_TO_32_BIT_CONVERSION = YES;
				GCC_WARN_ABOUT_RETURN_TYPE = YES_ERROR;
				GCC_WARN_UNDECLARED_SELECTOR = YES;
				GCC_WARN_UNINITIALIZED_AUTOS = YES_AGGRESSIVE;
				GCC_WARN_UNUSED_FUNCTION = YES;
				GCC_WARN_UNUSED_VARIABLE = YES;
				IPHONEOS_DEPLOYMENT_TARGET = 14.3;
				MTL_ENABLE_DEBUG_INFO = INCLUDE_SOURCE;
				MTL_FAST_MATH = YES;
				ONLY_ACTIVE_ARCH = YES;
				SDKROOT = iphoneos;
				SWIFT_ACTIVE_COMPILATION_CONDITIONS = DEBUG;
				SWIFT_OPTIMIZATION_LEVEL = "-Onone";
			};
			name = Debug;
		};
		4186932A26F7ED270040953C /* Release */ = {
			isa = XCBuildConfiguration;
			buildSettings = {
				ALWAYS_SEARCH_USER_PATHS = NO;
				CLANG_ANALYZER_NONNULL = YES;
				CLANG_ANALYZER_NUMBER_OBJECT_CONVERSION = YES_AGGRESSIVE;
				CLANG_CXX_LANGUAGE_STANDARD = "gnu++14";
				CLANG_CXX_LIBRARY = "libc++";
				CLANG_ENABLE_MODULES = YES;
				CLANG_ENABLE_OBJC_ARC = YES;
				CLANG_ENABLE_OBJC_WEAK = YES;
				CLANG_WARN_BLOCK_CAPTURE_AUTORELEASING = YES;
				CLANG_WARN_BOOL_CONVERSION = YES;
				CLANG_WARN_COMMA = YES;
				CLANG_WARN_CONSTANT_CONVERSION = YES;
				CLANG_WARN_DEPRECATED_OBJC_IMPLEMENTATIONS = YES;
				CLANG_WARN_DIRECT_OBJC_ISA_USAGE = YES_ERROR;
				CLANG_WARN_DOCUMENTATION_COMMENTS = YES;
				CLANG_WARN_EMPTY_BODY = YES;
				CLANG_WARN_ENUM_CONVERSION = YES;
				CLANG_WARN_INFINITE_RECURSION = YES;
				CLANG_WARN_INT_CONVERSION = YES;
				CLANG_WARN_NON_LITERAL_NULL_CONVERSION = YES;
				CLANG_WARN_OBJC_IMPLICIT_RETAIN_SELF = YES;
				CLANG_WARN_OBJC_LITERAL_CONVERSION = YES;
				CLANG_WARN_OBJC_ROOT_CLASS = YES_ERROR;
				CLANG_WARN_QUOTED_INCLUDE_IN_FRAMEWORK_HEADER = YES;
				CLANG_WARN_RANGE_LOOP_ANALYSIS = YES;
				CLANG_WARN_STRICT_PROTOTYPES = YES;
				CLANG_WARN_SUSPICIOUS_MOVE = YES;
				CLANG_WARN_UNGUARDED_AVAILABILITY = YES_AGGRESSIVE;
				CLANG_WARN_UNREACHABLE_CODE = YES;
				CLANG_WARN__DUPLICATE_METHOD_MATCH = YES;
				COPY_PHASE_STRIP = NO;
				DEBUG_INFORMATION_FORMAT = "dwarf-with-dsym";
				ENABLE_NS_ASSERTIONS = NO;
				ENABLE_STRICT_OBJC_MSGSEND = YES;
				GCC_C_LANGUAGE_STANDARD = gnu11;
				GCC_NO_COMMON_BLOCKS = YES;
				GCC_WARN_64_TO_32_BIT_CONVERSION = YES;
				GCC_WARN_ABOUT_RETURN_TYPE = YES_ERROR;
				GCC_WARN_UNDECLARED_SELECTOR = YES;
				GCC_WARN_UNINITIALIZED_AUTOS = YES_AGGRESSIVE;
				GCC_WARN_UNUSED_FUNCTION = YES;
				GCC_WARN_UNUSED_VARIABLE = YES;
				IPHONEOS_DEPLOYMENT_TARGET = 14.3;
				MTL_ENABLE_DEBUG_INFO = NO;
				MTL_FAST_MATH = YES;
				SDKROOT = iphoneos;
				SWIFT_COMPILATION_MODE = wholemodule;
				SWIFT_OPTIMIZATION_LEVEL = "-O";
				VALIDATE_PRODUCT = YES;
			};
			name = Release;
		};
		4186932C26F7ED270040953C /* Debug */ = {
			isa = XCBuildConfiguration;
			buildSettings = {
				ASSETCATALOG_COMPILER_APPICON_NAME = AppIcon;
				ASSETCATALOG_COMPILER_GLOBAL_ACCENT_COLOR_NAME = AccentColor;
				CODE_SIGN_STYLE = Automatic;
				INFOPLIST_FILE = cognitive/Info.plist;
				LD_RUNPATH_SEARCH_PATHS = (
					"$(inherited)",
					"@executable_path/Frameworks",
				);
				PRODUCT_BUNDLE_IDENTIFIER = "Govind-1.cognitive";
				PRODUCT_NAME = "$(TARGET_NAME)";
				SWIFT_VERSION = 5.0;
				TARGETED_DEVICE_FAMILY = "1,2";
			};
			name = Debug;
		};
		4186932D26F7ED270040953C /* Release */ = {
			isa = XCBuildConfiguration;
			buildSettings = {
				ASSETCATALOG_COMPILER_APPICON_NAME = AppIcon;
				ASSETCATALOG_COMPILER_GLOBAL_ACCENT_COLOR_NAME = AccentColor;
				CODE_SIGN_STYLE = Automatic;
				INFOPLIST_FILE = cognitive/Info.plist;
				LD_RUNPATH_SEARCH_PATHS = (
					"$(inherited)",
					"@executable_path/Frameworks",
				);
				PRODUCT_BUNDLE_IDENTIFIER = "Govind-1.cognitive";
				PRODUCT_NAME = "$(TARGET_NAME)";
				SWIFT_VERSION = 5.0;
				TARGETED_DEVICE_FAMILY = "1,2";
			};
			name = Release;
		};
		4186932F26F7ED270040953C /* Debug */ = {
			isa = XCBuildConfiguration;
			buildSettings = {
				ALWAYS_EMBED_SWIFT_STANDARD_LIBRARIES = YES;
				BUNDLE_LOADER = "$(TEST_HOST)";
				CODE_SIGN_STYLE = Automatic;
				INFOPLIST_FILE = cognitiveTests/Info.plist;
				IPHONEOS_DEPLOYMENT_TARGET = 14.3;
				LD_RUNPATH_SEARCH_PATHS = (
					"$(inherited)",
					"@executable_path/Frameworks",
					"@loader_path/Frameworks",
				);
				PRODUCT_BUNDLE_IDENTIFIER = "Govind-1.cognitiveTests";
				PRODUCT_NAME = "$(TARGET_NAME)";
				SWIFT_VERSION = 5.0;
				TARGETED_DEVICE_FAMILY = "1,2";
				TEST_HOST = "$(BUILT_PRODUCTS_DIR)/cognitive.app/cognitive";
			};
			name = Debug;
		};
		4186933026F7ED270040953C /* Release */ = {
			isa = XCBuildConfiguration;
			buildSettings = {
				ALWAYS_EMBED_SWIFT_STANDARD_LIBRARIES = YES;
				BUNDLE_LOADER = "$(TEST_HOST)";
				CODE_SIGN_STYLE = Automatic;
				INFOPLIST_FILE = cognitiveTests/Info.plist;
				IPHONEOS_DEPLOYMENT_TARGET = 14.3;
				LD_RUNPATH_SEARCH_PATHS = (
					"$(inherited)",
					"@executable_path/Frameworks",
					"@loader_path/Frameworks",
				);
				PRODUCT_BUNDLE_IDENTIFIER = "Govind-1.cognitiveTests";
				PRODUCT_NAME = "$(TARGET_NAME)";
				SWIFT_VERSION = 5.0;
				TARGETED_DEVICE_FAMILY = "1,2";
				TEST_HOST = "$(BUILT_PRODUCTS_DIR)/cognitive.app/cognitive";
			};
			name = Release;
		};
		4186933226F7ED270040953C /* Debug */ = {
			isa = XCBuildConfiguration;
			buildSettings = {
				ALWAYS_EMBED_SWIFT_STANDARD_LIBRARIES = YES;
				CODE_SIGN_STYLE = Automatic;
				INFOPLIST_FILE = cognitiveUITests/Info.plist;
				LD_RUNPATH_SEARCH_PATHS = (
					"$(inherited)",
					"@executable_path/Frameworks",
					"@loader_path/Frameworks",
				);
				PRODUCT_BUNDLE_IDENTIFIER = "Govind-1.cognitiveUITests";
				PRODUCT_NAME = "$(TARGET_NAME)";
				SWIFT_VERSION = 5.0;
				TARGETED_DEVICE_FAMILY = "1,2";
				TEST_TARGET_NAME = cognitive;
			};
			name = Debug;
		};
		4186933326F7ED270040953C /* Release */ = {
			isa = XCBuildConfiguration;
			buildSettings = {
				ALWAYS_EMBED_SWIFT_STANDARD_LIBRARIES = YES;
				CODE_SIGN_STYLE = Automatic;
				INFOPLIST_FILE = cognitiveUITests/Info.plist;
				LD_RUNPATH_SEARCH_PATHS = (
					"$(inherited)",
					"@executable_path/Frameworks",
					"@loader_path/Frameworks",
				);
				PRODUCT_BUNDLE_IDENTIFIER = "Govind-1.cognitiveUITests";
				PRODUCT_NAME = "$(TARGET_NAME)";
				SWIFT_VERSION = 5.0;
				TARGETED_DEVICE_FAMILY = "1,2";
				TEST_TARGET_NAME = cognitive;
			};
			name = Release;
		};
/* End XCBuildConfiguration section */

/* Begin XCConfigurationList section */
		418692FC26F7ED250040953C /* Build configuration list for PBXProject "TO-DO List" */ = {
			isa = XCConfigurationList;
			buildConfigurations = (
				4186932926F7ED270040953C /* Debug */,
				4186932A26F7ED270040953C /* Release */,
			);
			defaultConfigurationIsVisible = 0;
			defaultConfigurationName = Release;
		};
		4186932B26F7ED270040953C /* Build configuration list for PBXNativeTarget "cognitive" */ = {
			isa = XCConfigurationList;
			buildConfigurations = (
				4186932C26F7ED270040953C /* Debug */,
				4186932D26F7ED270040953C /* Release */,
			);
			defaultConfigurationIsVisible = 0;
			defaultConfigurationName = Release;
		};
		4186932E26F7ED270040953C /* Build configuration list for PBXNativeTarget "cognitiveTests" */ = {
			isa = XCConfigurationList;
			buildConfigurations = (
				4186932F26F7ED270040953C /* Debug */,
				4186933026F7ED270040953C /* Release */,
			);
			defaultConfigurationIsVisible = 0;
			defaultConfigurationName = Release;
		};
		4186933126F7ED270040953C /* Build configuration list for PBXNativeTarget "cognitiveUITests" */ = {
			isa = XCConfigurationList;
			buildConfigurations = (
				4186933226F7ED270040953C /* Debug */,
				4186933326F7ED270040953C /* Release */,
			);
			defaultConfigurationIsVisible = 0;
			defaultConfigurationName = Release;
		};
/* End XCConfigurationList section */
	};
	rootObject = 418692F926F7ED250040953C /* Project object */;
}
