// !$*UTF8*$!
{
	archiveVersion = 1;
	classes = {
	};
	objectVersion = 50;
	objects = {

/* Begin PBXBuildFile section */
		41865AFF26FA62FE001172C1 /* AppDelegate.swift in Sources */ = {isa = PBXBuildFile; fileRef = 41865AFE26FA62FE001172C1 /* AppDelegate.swift */; };
		41865B0126FA62FE001172C1 /* SceneDelegate.swift in Sources */ = {isa = PBXBuildFile; fileRef = 41865B0026FA62FE001172C1 /* SceneDelegate.swift */; };
		41865B0326FA62FE001172C1 /* ViewController.swift in Sources */ = {isa = PBXBuildFile; fileRef = 41865B0226FA62FE001172C1 /* ViewController.swift */; };
		41865B0626FA62FE001172C1 /* Main.storyboard in Resources */ = {isa = PBXBuildFile; fileRef = 41865B0426FA62FE001172C1 /* Main.storyboard */; };
		41865B0826FA6303001172C1 /* Assets.xcassets in Resources */ = {isa = PBXBuildFile; fileRef = 41865B0726FA6303001172C1 /* Assets.xcassets */; };
		41865B0B26FA6303001172C1 /* LaunchScreen.storyboard in Resources */ = {isa = PBXBuildFile; fileRef = 41865B0926FA6303001172C1 /* LaunchScreen.storyboard */; };
		41865B1626FA6303001172C1 /* TO_DO_listTests.swift in Sources */ = {isa = PBXBuildFile; fileRef = 41865B1526FA6303001172C1 /* TO_DO_listTests.swift */; };
		41865B2126FA6303001172C1 /* TO_DO_listUITests.swift in Sources */ = {isa = PBXBuildFile; fileRef = 41865B2026FA6303001172C1 /* TO_DO_listUITests.swift */; };
		41865B3226FA7475001172C1 /* NewViewController.swift in Sources */ = {isa = PBXBuildFile; fileRef = 41865B3126FA7475001172C1 /* NewViewController.swift */; };
/* End PBXBuildFile section */

/* Begin PBXContainerItemProxy section */
		41865B1226FA6303001172C1 /* PBXContainerItemProxy */ = {
			isa = PBXContainerItemProxy;
			containerPortal = 41865AF326FA62FE001172C1 /* Project object */;
			proxyType = 1;
			remoteGlobalIDString = 41865AFA26FA62FE001172C1;
			remoteInfo = "TO-DO list";
		};
		41865B1D26FA6303001172C1 /* PBXContainerItemProxy */ = {
			isa = PBXContainerItemProxy;
			containerPortal = 41865AF326FA62FE001172C1 /* Project object */;
			proxyType = 1;
			remoteGlobalIDString = 41865AFA26FA62FE001172C1;
			remoteInfo = "TO-DO list";
		};
/* End PBXContainerItemProxy section */

/* Begin PBXFileReference section */
		41865AFB26FA62FE001172C1 /* TO-DO list.app */ = {isa = PBXFileReference; explicitFileType = wrapper.application; includeInIndex = 0; path = "TO-DO list.app"; sourceTree = BUILT_PRODUCTS_DIR; };
		41865AFE26FA62FE001172C1 /* AppDelegate.swift */ = {isa = PBXFileReference; lastKnownFileType = sourcecode.swift; path = AppDelegate.swift; sourceTree = "<group>"; };
		41865B0026FA62FE001172C1 /* SceneDelegate.swift */ = {isa = PBXFileReference; lastKnownFileType = sourcecode.swift; path = SceneDelegate.swift; sourceTree = "<group>"; };
		41865B0226FA62FE001172C1 /* ViewController.swift */ = {isa = PBXFileReference; lastKnownFileType = sourcecode.swift; path = ViewController.swift; sourceTree = "<group>"; };
		41865B0526FA62FE001172C1 /* Base */ = {isa = PBXFileReference; lastKnownFileType = file.storyboard; name = Base; path = Base.lproj/Main.storyboard; sourceTree = "<group>"; };
		41865B0726FA6303001172C1 /* Assets.xcassets */ = {isa = PBXFileReference; lastKnownFileType = folder.assetcatalog; path = Assets.xcassets; sourceTree = "<group>"; };
		41865B0A26FA6303001172C1 /* Base */ = {isa = PBXFileReference; lastKnownFileType = file.storyboard; name = Base; path = Base.lproj/LaunchScreen.storyboard; sourceTree = "<group>"; };
		41865B0C26FA6303001172C1 /* Info.plist */ = {isa = PBXFileReference; lastKnownFileType = text.plist.xml; path = Info.plist; sourceTree = "<group>"; };
		41865B1126FA6303001172C1 /* TO-DO listTests.xctest */ = {isa = PBXFileReference; explicitFileType = wrapper.cfbundle; includeInIndex = 0; path = "TO-DO listTests.xctest"; sourceTree = BUILT_PRODUCTS_DIR; };
		41865B1526FA6303001172C1 /* TO_DO_listTests.swift */ = {isa = PBXFileReference; lastKnownFileType = sourcecode.swift; path = TO_DO_listTests.swift; sourceTree = "<group>"; };
		41865B1726FA6303001172C1 /* Info.plist */ = {isa = PBXFileReference; lastKnownFileType = text.plist.xml; path = Info.plist; sourceTree = "<group>"; };
		41865B1C26FA6303001172C1 /* TO-DO listUITests.xctest */ = {isa = PBXFileReference; explicitFileType = wrapper.cfbundle; includeInIndex = 0; path = "TO-DO listUITests.xctest"; sourceTree = BUILT_PRODUCTS_DIR; };
		41865B2026FA6303001172C1 /* TO_DO_listUITests.swift */ = {isa = PBXFileReference; lastKnownFileType = sourcecode.swift; path = TO_DO_listUITests.swift; sourceTree = "<group>"; };
		41865B2226FA6303001172C1 /* Info.plist */ = {isa = PBXFileReference; lastKnownFileType = text.plist.xml; path = Info.plist; sourceTree = "<group>"; };
		41865B3126FA7475001172C1 /* NewViewController.swift */ = {isa = PBXFileReference; lastKnownFileType = sourcecode.swift; path = NewViewController.swift; sourceTree = "<group>"; };
/* End PBXFileReference section */

/* Begin PBXFrameworksBuildPhase section */
		41865AF826FA62FE001172C1 /* Frameworks */ = {
			isa = PBXFrameworksBuildPhase;
			buildActionMask = 2147483647;
			files = (
			);
			runOnlyForDeploymentPostprocessing = 0;
		};
		41865B0E26FA6303001172C1 /* Frameworks */ = {
			isa = PBXFrameworksBuildPhase;
			buildActionMask = 2147483647;
			files = (
			);
			runOnlyForDeploymentPostprocessing = 0;
		};
		41865B1926FA6303001172C1 /* Frameworks */ = {
			isa = PBXFrameworksBuildPhase;
			buildActionMask = 2147483647;
			files = (
			);
			runOnlyForDeploymentPostprocessing = 0;
		};
/* End PBXFrameworksBuildPhase section */

/* Begin PBXGroup section */
		41865AF226FA62FE001172C1 = {
			isa = PBXGroup;
			children = (
				41865AFD26FA62FE001172C1 /* TO-DO list */,
				41865B1426FA6303001172C1 /* TO-DO listTests */,
				41865B1F26FA6303001172C1 /* TO-DO listUITests */,
				41865AFC26FA62FE001172C1 /* Products */,
			);
			sourceTree = "<group>";
		};
		41865AFC26FA62FE001172C1 /* Products */ = {
			isa = PBXGroup;
			children = (
				41865AFB26FA62FE001172C1 /* TO-DO list.app */,
				41865B1126FA6303001172C1 /* TO-DO listTests.xctest */,
				41865B1C26FA6303001172C1 /* TO-DO listUITests.xctest */,
			);
			name = Products;
			sourceTree = "<group>";
		};
		41865AFD26FA62FE001172C1 /* TO-DO list */ = {
			isa = PBXGroup;
			children = (
				41865AFE26FA62FE001172C1 /* AppDelegate.swift */,
				41865B0026FA62FE001172C1 /* SceneDelegate.swift */,
				41865B0226FA62FE001172C1 /* ViewController.swift */,
				41865B0426FA62FE001172C1 /* Main.storyboard */,
				41865B0726FA6303001172C1 /* Assets.xcassets */,
				41865B0926FA6303001172C1 /* LaunchScreen.storyboard */,
				41865B0C26FA6303001172C1 /* Info.plist */,
				41865B3126FA7475001172C1 /* NewViewController.swift */,
			);
			path = "TO-DO list";
			sourceTree = "<group>";
		};
		41865B1426FA6303001172C1 /* TO-DO listTests */ = {
			isa = PBXGroup;
			children = (
				41865B1526FA6303001172C1 /* TO_DO_listTests.swift */,
				41865B1726FA6303001172C1 /* Info.plist */,
			);
			path = "TO-DO listTests";
			sourceTree = "<group>";
		};
		41865B1F26FA6303001172C1 /* TO-DO listUITests */ = {
			isa = PBXGroup;
			children = (
				41865B2026FA6303001172C1 /* TO_DO_listUITests.swift */,
				41865B2226FA6303001172C1 /* Info.plist */,
			);
			path = "TO-DO listUITests";
			sourceTree = "<group>";
		};
/* End PBXGroup section */

/* Begin PBXNativeTarget section */
		41865AFA26FA62FE001172C1 /* TO-DO list */ = {
			isa = PBXNativeTarget;
			buildConfigurationList = 41865B2526FA6303001172C1 /* Build configuration list for PBXNativeTarget "TO-DO list" */;
			buildPhases = (
				41865AF726FA62FE001172C1 /* Sources */,
				41865AF826FA62FE001172C1 /* Frameworks */,
				41865AF926FA62FE001172C1 /* Resources */,
			);
			buildRules = (
			);
			dependencies = (
			);
			name = "TO-DO list";
			productName = "TO-DO list";
			productReference = 41865AFB26FA62FE001172C1 /* TO-DO list.app */;
			productType = "com.apple.product-type.application";
		};
		41865B1026FA6303001172C1 /* TO-DO listTests */ = {
			isa = PBXNativeTarget;
			buildConfigurationList = 41865B2826FA6303001172C1 /* Build configuration list for PBXNativeTarget "TO-DO listTests" */;
			buildPhases = (
				41865B0D26FA6303001172C1 /* Sources */,
				41865B0E26FA6303001172C1 /* Frameworks */,
				41865B0F26FA6303001172C1 /* Resources */,
			);
			buildRules = (
			);
			dependencies = (
				41865B1326FA6303001172C1 /* PBXTargetDependency */,
			);
			name = "TO-DO listTests";
			productName = "TO-DO listTests";
			productReference = 41865B1126FA6303001172C1 /* TO-DO listTests.xctest */;
			productType = "com.apple.product-type.bundle.unit-test";
		};
		41865B1B26FA6303001172C1 /* TO-DO listUITests */ = {
			isa = PBXNativeTarget;
			buildConfigurationList = 41865B2B26FA6303001172C1 /* Build configuration list for PBXNativeTarget "TO-DO listUITests" */;
			buildPhases = (
				41865B1826FA6303001172C1 /* Sources */,
				41865B1926FA6303001172C1 /* Frameworks */,
				41865B1A26FA6303001172C1 /* Resources */,
			);
			buildRules = (
			);
			dependencies = (
				41865B1E26FA6303001172C1 /* PBXTargetDependency */,
			);
			name = "TO-DO listUITests";
			productName = "TO-DO listUITests";
			productReference = 41865B1C26FA6303001172C1 /* TO-DO listUITests.xctest */;
			productType = "com.apple.product-type.bundle.ui-testing";
		};
/* End PBXNativeTarget section */

/* Begin PBXProject section */
		41865AF326FA62FE001172C1 /* Project object */ = {
			isa = PBXProject;
			attributes = {
				LastSwiftUpdateCheck = 1230;
				LastUpgradeCheck = 1230;
				TargetAttributes = {
					41865AFA26FA62FE001172C1 = {
						CreatedOnToolsVersion = 12.3;
					};
					41865B1026FA6303001172C1 = {
						CreatedOnToolsVersion = 12.3;
						TestTargetID = 41865AFA26FA62FE001172C1;
					};
					41865B1B26FA6303001172C1 = {
						CreatedOnToolsVersion = 12.3;
						TestTargetID = 41865AFA26FA62FE001172C1;
					};
				};
			};
			buildConfigurationList = 41865AF626FA62FE001172C1 /* Build configuration list for PBXProject "TO-DO list" */;
			compatibilityVersion = "Xcode 9.3";
			developmentRegion = en;
			hasScannedForEncodings = 0;
			knownRegions = (
				en,
				Base,
			);
			mainGroup = 41865AF226FA62FE001172C1;
			productRefGroup = 41865AFC26FA62FE001172C1 /* Products */;
			projectDirPath = "";
			projectRoot = "";
			targets = (
				41865AFA26FA62FE001172C1 /* TO-DO list */,
				41865B1026FA6303001172C1 /* TO-DO listTests */,
				41865B1B26FA6303001172C1 /* TO-DO listUITests */,
			);
		};
/* End PBXProject section */

/* Begin PBXResourcesBuildPhase section */
		41865AF926FA62FE001172C1 /* Resources */ = {
			isa = PBXResourcesBuildPhase;
			buildActionMask = 2147483647;
			files = (
				41865B0B26FA6303001172C1 /* LaunchScreen.storyboard in Resources */,
				41865B0826FA6303001172C1 /* Assets.xcassets in Resources */,
				41865B0626FA62FE001172C1 /* Main.storyboard in Resources */,
			);
			runOnlyForDeploymentPostprocessing = 0;
		};
		41865B0F26FA6303001172C1 /* Resources */ = {
			isa = PBXResourcesBuildPhase;
			buildActionMask = 2147483647;
			files = (
			);
			runOnlyForDeploymentPostprocessing = 0;
		};
		41865B1A26FA6303001172C1 /* Resources */ = {
			isa = PBXResourcesBuildPhase;
			buildActionMask = 2147483647;
			files = (
			);
			runOnlyForDeploymentPostprocessing = 0;
		};
/* End PBXResourcesBuildPhase section */

/* Begin PBXSourcesBuildPhase section */
		41865AF726FA62FE001172C1 /* Sources */ = {
			isa = PBXSourcesBuildPhase;
			buildActionMask = 2147483647;
			files = (
				41865B0326FA62FE001172C1 /* ViewController.swift in Sources */,
				41865AFF26FA62FE001172C1 /* AppDelegate.swift in Sources */,
				41865B0126FA62FE001172C1 /* SceneDelegate.swift in Sources */,
				41865B3226FA7475001172C1 /* NewViewController.swift in Sources */,
			);
			runOnlyForDeploymentPostprocessing = 0;
		};
		41865B0D26FA6303001172C1 /* Sources */ = {
			isa = PBXSourcesBuildPhase;
			buildActionMask = 2147483647;
			files = (
				41865B1626FA6303001172C1 /* TO_DO_listTests.swift in Sources */,
			);
			runOnlyForDeploymentPostprocessing = 0;
		};
		41865B1826FA6303001172C1 /* Sources */ = {
			isa = PBXSourcesBuildPhase;
			buildActionMask = 2147483647;
			files = (
				41865B2126FA6303001172C1 /* TO_DO_listUITests.swift in Sources */,
			);
			runOnlyForDeploymentPostprocessing = 0;
		};
/* End PBXSourcesBuildPhase section */

/* Begin PBXTargetDependency section */
		41865B1326FA6303001172C1 /* PBXTargetDependency */ = {
			isa = PBXTargetDependency;
			target = 41865AFA26FA62FE001172C1 /* TO-DO list */;
			targetProxy = 41865B1226FA6303001172C1 /* PBXContainerItemProxy */;
		};
		41865B1E26FA6303001172C1 /* PBXTargetDependency */ = {
			isa = PBXTargetDependency;
			target = 41865AFA26FA62FE001172C1 /* TO-DO list */;
			targetProxy = 41865B1D26FA6303001172C1 /* PBXContainerItemProxy */;
		};
/* End PBXTargetDependency section */

/* Begin PBXVariantGroup section */
		41865B0426FA62FE001172C1 /* Main.storyboard */ = {
			isa = PBXVariantGroup;
			children = (
				41865B0526FA62FE001172C1 /* Base */,
			);
			name = Main.storyboard;
			sourceTree = "<group>";
		};
		41865B0926FA6303001172C1 /* LaunchScreen.storyboard */ = {
			isa = PBXVariantGroup;
			children = (
				41865B0A26FA6303001172C1 /* Base */,
			);
			name = LaunchScreen.storyboard;
			sourceTree = "<group>";
		};
/* End PBXVariantGroup section */

/* Begin XCBuildConfiguration section */
		41865B2326FA6303001172C1 /* Debug */ = {
			isa = XCBuildConfiguration;
			buildSettings = {
				ALWAYS_SEARCH_USER_PATHS = NO;
				CLANG_ANALYZER_NONNULL = YES;
				CLANG_ANALYZER_NUMBER_OBJECT_CONVERSION = YES_AGGRESSIVE;
				CLANG_CXX_LANGUAGE_STANDARD = "gnu++14";
				CLANG_CXX_LIBRARY = "libc++";
				CLANG_ENABLE_MODULES = YES;
				CLANG_ENABLE_OBJC_ARC = YES;
				CLANG_ENABLE_OBJC_WEAK = YES;
				CLANG_WARN_BLOCK_CAPTURE_AUTORELEASING = YES;
				CLANG_WARN_BOOL_CONVERSION = YES;
				CLANG_WARN_COMMA = YES;
				CLANG_WARN_CONSTANT_CONVERSION = YES;
				CLANG_WARN_DEPRECATED_OBJC_IMPLEMENTATIONS = YES;
				CLANG_WARN_DIRECT_OBJC_ISA_USAGE = YES_ERROR;
				CLANG_WARN_DOCUMENTATION_COMMENTS = YES;
				CLANG_WARN_EMPTY_BODY = YES;
				CLANG_WARN_ENUM_CONVERSION = YES;
				CLANG_WARN_INFINITE_RECURSION = YES;
				CLANG_WARN_INT_CONVERSION = YES;
				CLANG_WARN_NON_LITERAL_NULL_CONVERSION = YES;
				CLANG_WARN_OBJC_IMPLICIT_RETAIN_SELF = YES;
				CLANG_WARN_OBJC_LITERAL_CONVERSION = YES;
				CLANG_WARN_OBJC_ROOT_CLASS = YES_ERROR;
				CLANG_WARN_QUOTED_INCLUDE_IN_FRAMEWORK_HEADER = YES;
				CLANG_WARN_RANGE_LOOP_ANALYSIS = YES;
				CLANG_WARN_STRICT_PROTOTYPES = YES;
				CLANG_WARN_SUSPICIOUS_MOVE = YES;
				CLANG_WARN_UNGUARDED_AVAILABILITY = YES_AGGRESSIVE;
				CLANG_WARN_UNREACHABLE_CODE = YES;
				CLANG_WARN__DUPLICATE_METHOD_MATCH = YES;
				COPY_PHASE_STRIP = NO;
				DEBUG_INFORMATION_FORMAT = dwarf;
				ENABLE_STRICT_OBJC_MSGSEND = YES;
				ENABLE_TESTABILITY = YES;
				GCC_C_LANGUAGE_STANDARD = gnu11;
				GCC_DYNAMIC_NO_PIC = NO;
				GCC_NO_COMMON_BLOCKS = YES;
				GCC_OPTIMIZATION_LEVEL = 0;
				GCC_PREPROCESSOR_DEFINITIONS = (
					"DEBUG=1",
					"$(inherited)",
				);
				GCC_WARN_64_TO_32_BIT_CONVERSION = YES;
				GCC_WARN_ABOUT_RETURN_TYPE = YES_ERROR;
				GCC_WARN_UNDECLARED_SELECTOR = YES;
				GCC_WARN_UNINITIALIZED_AUTOS = YES_AGGRESSIVE;
				GCC_WARN_UNUSED_FUNCTION = YES;
				GCC_WARN_UNUSED_VARIABLE = YES;
				IPHONEOS_DEPLOYMENT_TARGET = 14.3;
				MTL_ENABLE_DEBUG_INFO = INCLUDE_SOURCE;
				MTL_FAST_MATH = YES;
				ONLY_ACTIVE_ARCH = YES;
				SDKROOT = iphoneos;
				SWIFT_ACTIVE_COMPILATION_CONDITIONS = DEBUG;
				SWIFT_OPTIMIZATION_LEVEL = "-Onone";
			};
			name = Debug;
		};
		41865B2426FA6303001172C1 /* Release */ = {
			isa = XCBuildConfiguration;
			buildSettings = {
				ALWAYS_SEARCH_USER_PATHS = NO;
				CLANG_ANALYZER_NONNULL = YES;
				CLANG_ANALYZER_NUMBER_OBJECT_CONVERSION = YES_AGGRESSIVE;
				CLANG_CXX_LANGUAGE_STANDARD = "gnu++14";
				CLANG_CXX_LIBRARY = "libc++";
				CLANG_ENABLE_MODULES = YES;
				CLANG_ENABLE_OBJC_ARC = YES;
				CLANG_ENABLE_OBJC_WEAK = YES;
				CLANG_WARN_BLOCK_CAPTURE_AUTORELEASING = YES;
				CLANG_WARN_BOOL_CONVERSION = YES;
				CLANG_WARN_COMMA = YES;
				CLANG_WARN_CONSTANT_CONVERSION = YES;
				CLANG_WARN_DEPRECATED_OBJC_IMPLEMENTATIONS = YES;
				CLANG_WARN_DIRECT_OBJC_ISA_USAGE = YES_ERROR;
				CLANG_WARN_DOCUMENTATION_COMMENTS = YES;
				CLANG_WARN_EMPTY_BODY = YES;
				CLANG_WARN_ENUM_CONVERSION = YES;
				CLANG_WARN_INFINITE_RECURSION = YES;
				CLANG_WARN_INT_CONVERSION = YES;
				CLANG_WARN_NON_LITERAL_NULL_CONVERSION = YES;
				CLANG_WARN_OBJC_IMPLICIT_RETAIN_SELF = YES;
				CLANG_WARN_OBJC_LITERAL_CONVERSION = YES;
				CLANG_WARN_OBJC_ROOT_CLASS = YES_ERROR;
				CLANG_WARN_QUOTED_INCLUDE_IN_FRAMEWORK_HEADER = YES;
				CLANG_WARN_RANGE_LOOP_ANALYSIS = YES;
				CLANG_WARN_STRICT_PROTOTYPES = YES;
				CLANG_WARN_SUSPICIOUS_MOVE = YES;
				CLANG_WARN_UNGUARDED_AVAILABILITY = YES_AGGRESSIVE;
				CLANG_WARN_UNREACHABLE_CODE = YES;
				CLANG_WARN__DUPLICATE_METHOD_MATCH = YES;
				COPY_PHASE_STRIP = NO;
				DEBUG_INFORMATION_FORMAT = "dwarf-with-dsym";
				ENABLE_NS_ASSERTIONS = NO;
				ENABLE_STRICT_OBJC_MSGSEND = YES;
				GCC_C_LANGUAGE_STANDARD = gnu11;
				GCC_NO_COMMON_BLOCKS = YES;
				GCC_WARN_64_TO_32_BIT_CONVERSION = YES;
				GCC_WARN_ABOUT_RETURN_TYPE = YES_ERROR;
				GCC_WARN_UNDECLARED_SELECTOR = YES;
				GCC_WARN_UNINITIALIZED_AUTOS = YES_AGGRESSIVE;
				GCC_WARN_UNUSED_FUNCTION = YES;
				GCC_WARN_UNUSED_VARIABLE = YES;
				IPHONEOS_DEPLOYMENT_TARGET = 14.3;
				MTL_ENABLE_DEBUG_INFO = NO;
				MTL_FAST_MATH = YES;
				SDKROOT = iphoneos;
				SWIFT_COMPILATION_MODE = wholemodule;
				SWIFT_OPTIMIZATION_LEVEL = "-O";
				VALIDATE_PRODUCT = YES;
			};
			name = Release;
		};
		41865B2626FA6303001172C1 /* Debug */ = {
			isa = XCBuildConfiguration;
			buildSettings = {
				ASSETCATALOG_COMPILER_APPICON_NAME = AppIcon;
				ASSETCATALOG_COMPILER_GLOBAL_ACCENT_COLOR_NAME = AccentColor;
				CODE_SIGN_STYLE = Automatic;
				INFOPLIST_FILE = "TO-DO list/Info.plist";
				LD_RUNPATH_SEARCH_PATHS = (
					"$(inherited)",
					"@executable_path/Frameworks",
				);
				PRODUCT_BUNDLE_IDENTIFIER = "Govind-1.TO-DO-list";
				PRODUCT_NAME = "$(TARGET_NAME)";
				SWIFT_VERSION = 5.0;
				TARGETED_DEVICE_FAMILY = "1,2";
			};
			name = Debug;
		};
		41865B2726FA6303001172C1 /* Release */ = {
			isa = XCBuildConfiguration;
			buildSettings = {
				ASSETCATALOG_COMPILER_APPICON_NAME = AppIcon;
				ASSETCATALOG_COMPILER_GLOBAL_ACCENT_COLOR_NAME = AccentColor;
				CODE_SIGN_STYLE = Automatic;
				INFOPLIST_FILE = "TO-DO list/Info.plist";
				LD_RUNPATH_SEARCH_PATHS = (
					"$(inherited)",
					"@executable_path/Frameworks",
				);
				PRODUCT_BUNDLE_IDENTIFIER = "Govind-1.TO-DO-list";
				PRODUCT_NAME = "$(TARGET_NAME)";
				SWIFT_VERSION = 5.0;
				TARGETED_DEVICE_FAMILY = "1,2";
			};
			name = Release;
		};
		41865B2926FA6303001172C1 /* Debug */ = {
			isa = XCBuildConfiguration;
			buildSettings = {
				ALWAYS_EMBED_SWIFT_STANDARD_LIBRARIES = YES;
				BUNDLE_LOADER = "$(TEST_HOST)";
				CODE_SIGN_STYLE = Automatic;
				INFOPLIST_FILE = "TO-DO listTests/Info.plist";
				IPHONEOS_DEPLOYMENT_TARGET = 14.3;
				LD_RUNPATH_SEARCH_PATHS = (
					"$(inherited)",
					"@executable_path/Frameworks",
					"@loader_path/Frameworks",
				);
				PRODUCT_BUNDLE_IDENTIFIER = "Govind-1.TO-DO-listTests";
				PRODUCT_NAME = "$(TARGET_NAME)";
				SWIFT_VERSION = 5.0;
				TARGETED_DEVICE_FAMILY = "1,2";
				TEST_HOST = "$(BUILT_PRODUCTS_DIR)/TO-DO list.app/TO-DO list";
			};
			name = Debug;
		};
		41865B2A26FA6303001172C1 /* Release */ = {
			isa = XCBuildConfiguration;
			buildSettings = {
				ALWAYS_EMBED_SWIFT_STANDARD_LIBRARIES = YES;
				BUNDLE_LOADER = "$(TEST_HOST)";
				CODE_SIGN_STYLE = Automatic;
				INFOPLIST_FILE = "TO-DO listTests/Info.plist";
				IPHONEOS_DEPLOYMENT_TARGET = 14.3;
				LD_RUNPATH_SEARCH_PATHS = (
					"$(inherited)",
					"@executable_path/Frameworks",
					"@loader_path/Frameworks",
				);
				PRODUCT_BUNDLE_IDENTIFIER = "Govind-1.TO-DO-listTests";
				PRODUCT_NAME = "$(TARGET_NAME)";
				SWIFT_VERSION = 5.0;
				TARGETED_DEVICE_FAMILY = "1,2";
				TEST_HOST = "$(BUILT_PRODUCTS_DIR)/TO-DO list.app/TO-DO list";
			};
			name = Release;
		};
		41865B2C26FA6303001172C1 /* Debug */ = {
			isa = XCBuildConfiguration;
			buildSettings = {
				ALWAYS_EMBED_SWIFT_STANDARD_LIBRARIES = YES;
				CODE_SIGN_STYLE = Automatic;
				INFOPLIST_FILE = "TO-DO listUITests/Info.plist";
				LD_RUNPATH_SEARCH_PATHS = (
					"$(inherited)",
					"@executable_path/Frameworks",
					"@loader_path/Frameworks",
				);
				PRODUCT_BUNDLE_IDENTIFIER = "Govind-1.TO-DO-listUITests";
				PRODUCT_NAME = "$(TARGET_NAME)";
				SWIFT_VERSION = 5.0;
				TARGETED_DEVICE_FAMILY = "1,2";
				TEST_TARGET_NAME = "TO-DO list";
			};
			name = Debug;
		};
		41865B2D26FA6303001172C1 /* Release */ = {
			isa = XCBuildConfiguration;
			buildSettings = {
				ALWAYS_EMBED_SWIFT_STANDARD_LIBRARIES = YES;
				CODE_SIGN_STYLE = Automatic;
				INFOPLIST_FILE = "TO-DO listUITests/Info.plist";
				LD_RUNPATH_SEARCH_PATHS = (
					"$(inherited)",
					"@executable_path/Frameworks",
					"@loader_path/Frameworks",
				);
				PRODUCT_BUNDLE_IDENTIFIER = "Govind-1.TO-DO-listUITests";
				PRODUCT_NAME = "$(TARGET_NAME)";
				SWIFT_VERSION = 5.0;
				TARGETED_DEVICE_FAMILY = "1,2";
				TEST_TARGET_NAME = "TO-DO list";
			};
			name = Release;
		};
/* End XCBuildConfiguration section */

/* Begin XCConfigurationList section */
		41865AF626FA62FE001172C1 /* Build configuration list for PBXProject "TO-DO list" */ = {
			isa = XCConfigurationList;
			buildConfigurations = (
				41865B2326FA6303001172C1 /* Debug */,
				41865B2426FA6303001172C1 /* Release */,
			);
			defaultConfigurationIsVisible = 0;
			defaultConfigurationName = Release;
		};
		41865B2526FA6303001172C1 /* Build configuration list for PBXNativeTarget "TO-DO list" */ = {
			isa = XCConfigurationList;
			buildConfigurations = (
				41865B2626FA6303001172C1 /* Debug */,
				41865B2726FA6303001172C1 /* Release */,
			);
			defaultConfigurationIsVisible = 0;
			defaultConfigurationName = Release;
		};
		41865B2826FA6303001172C1 /* Build configuration list for PBXNativeTarget "TO-DO listTests" */ = {
			isa = XCConfigurationList;
			buildConfigurations = (
				41865B2926FA6303001172C1 /* Debug */,
				41865B2A26FA6303001172C1 /* Release */,
			);
			defaultConfigurationIsVisible = 0;
			defaultConfigurationName = Release;
		};
		41865B2B26FA6303001172C1 /* Build configuration list for PBXNativeTarget "TO-DO listUITests" */ = {
			isa = XCConfigurationList;
			buildConfigurations = (
				41865B2C26FA6303001172C1 /* Debug */,
				41865B2D26FA6303001172C1 /* Release */,
			);
			defaultConfigurationIsVisible = 0;
			defaultConfigurationName = Release;
		};
/* End XCConfigurationList section */
	};
	rootObject = 41865AF326FA62FE001172C1 /* Project object */;
}
